
Microsoft Visual Studio Solution File, Format Version 12.00
# Visual Studio Version 17
VisualStudioVersion = 17.9.34616.47
MinimumVisualStudioVersion = 10.0.40219.1
Project("{FAE04EC0-301F-11D3-BF4B-00C04F79EFBC}") = "RealEstate_Dapper_Api", "RealEstate_Dapper_Api\RealEstate_Dapper_Api.csproj", "{E377F372-E580-47DD-B3D7-25630814022C}"
EndProject
Project("{FAE04EC0-301F-11D3-BF4B-00C04F79EFBC}") = "RealEstate_Dapper_UI", "RealEstate_Dapper_UI\RealEstate_Dapper_UI.csproj", "{E01883EE-AB4B-4DE1-8F63-F1227FD89A70}"
EndProject
Global
	GlobalSection(SolutionConfigurationPlatforms) = preSolution
		Debug|Any CPU = Debug|Any CPU
		Release|Any CPU = Release|Any CPU
	EndGlobalSection
	GlobalSection(ProjectConfigurationPlatforms) = postSolution
		{E377F372-E580-47DD-B3D7-25630814022C}.Debug|Any CPU.ActiveCfg = Debug|Any CPU
		{E377F372-E580-47DD-B3D7-25630814022C}.Debug|Any CPU.Build.0 = Debug|Any CPU
		{E377F372-E580-47DD-B3D7-25630814022C}.Release|Any CPU.ActiveCfg = Release|Any CPU
		{E377F372-E580-47DD-B3D7-25630814022C}.Release|Any CPU.Build.0 = Release|Any CPU
		{E01883EE-AB4B-4DE1-8F63-F1227FD89A70}.Debug|Any CPU.ActiveCfg = Debug|Any CPU
		{E01883EE-AB4B-4DE1-8F63-F1227FD89A70}.Debug|Any CPU.Build.0 = Debug|Any CPU
		{E01883EE-AB4B-4DE1-8F63-F1227FD89A70}.Release|Any CPU.ActiveCfg = Release|Any CPU
		{E01883EE-AB4B-4DE1-8F63-F1227FD89A70}.Release|Any CPU.Build.0 = Release|Any CPU
	EndGlobalSection
	GlobalSection(SolutionProperties) = preSolution
		HideSolutionNode = FALSE
	EndGlobalSection
	GlobalSection(ExtensibilityGlobals) = postSolution
		SolutionGuid = {04EC7DDC-EBE0-4B8A-B124-4409003B69E7}
	EndGlobalSection
EndGlobal
